
Microsoft Visual Studio Solution File, Format Version 12.00
# Visual Studio Version 16
VisualStudioVersion = 16.0.29230.47
MinimumVisualStudioVersion = 10.0.40219.1
Project("{9A19103F-16F7-4668-BE54-9A1E7A4F7556}") = "WebApi", "src\WebApi\WebApi.csproj", "{3F040445-7360-4778-81DF-BE27D3DA961A}"
EndProject
Project("{2150E333-8FDC-42A3-9474-1A3956D46DE8}") = "Presentation", "Presentation", "{4253F080-E8C6-4E5C-B34E-AB04EFE5D324}"
EndProject
Project("{2150E333-8FDC-42A3-9474-1A3956D46DE8}") = "Business", "Business", "{C455C92B-740C-41A4-876C-7236479BC499}"
EndProject
Project("{2150E333-8FDC-42A3-9474-1A3956D46DE8}") = "Data", "Data", "{9716FF38-5FE6-4BDD-A026-2DE74C181613}"
EndProject
Project("{2150E333-8FDC-42A3-9474-1A3956D46DE8}") = "Shared", "Shared", "{604B3B70-FC32-4DAE-99C6-6149FECA68F0}"
EndProject
Project("{9A19103F-16F7-4668-BE54-9A1E7A4F7556}") = "Common", "src\Common\Common.csproj", "{71B6455A-5A6C-4F7E-9ACE-E60D66E3CD7A}"
EndProject
Project("{9A19103F-16F7-4668-BE54-9A1E7A4F7556}") = "Business.Logic", "src\Business.Logic\Business.Logic.csproj", "{5CEF1114-C303-499A-968D-152D46546CF4}"
EndProject
Project("{9A19103F-16F7-4668-BE54-9A1E7A4F7556}") = "Data.Repositories", "src\Data.Repositories\Data.Repositories.csproj", "{A3238F58-6FA5-4415-9171-E491BA202C70}"
EndProject
Project("{9A19103F-16F7-4668-BE54-9A1E7A4F7556}") = "Business.Logic.Interfaces", "src\Business.Logic.Interfaces\Business.Logic.Interfaces.csproj", "{6E7E8284-81FE-4BD9-99C4-03DF69B4564A}"
EndProject
Project("{9A19103F-16F7-4668-BE54-9A1E7A4F7556}") = "Web.Common", "src\Web.Common\Web.Common.csproj", "{61D233D8-AA48-4DDA-B550-4BEF3AEED198}"
EndProject
Project("{9A19103F-16F7-4668-BE54-9A1E7A4F7556}") = "CompositionRoot", "src\CompositionRoot\CompositionRoot.csproj", "{19019151-FA44-494E-8232-C6A18D181880}"
EndProject
Project("{9A19103F-16F7-4668-BE54-9A1E7A4F7556}") = "Data.Repositories.Interfaces", "src\Data.Repositories.Interfaces\Data.Repositories.Interfaces.csproj", "{13D75649-5C48-4141-970F-C072ACF65D80}"
EndProject
Project("{2150E333-8FDC-42A3-9474-1A3956D46DE8}") = "Solution Items", "Solution Items", "{A3E24B48-8370-4236-880A-59071C4D166D}"
	ProjectSection(SolutionItems) = preProject
		.editorconfig = .editorconfig
	EndProjectSection
EndProject
Project("{9A19103F-16F7-4668-BE54-9A1E7A4F7556}") = "Entities", "src\Entities\Entities.csproj", "{713C0FDA-4C64-4C05-BCC5-95FD3EC5A84E}"
EndProject
Project("{2150E333-8FDC-42A3-9474-1A3956D46DE8}") = "Test", "Test", "{7DB45ABC-7DBF-4874-B0C1-D7F2AB437AF7}"
EndProject
Project("{9A19103F-16F7-4668-BE54-9A1E7A4F7556}") = "Business.Logic.Test", "src\Business.Logic.Test\Business.Logic.Test.csproj", "{CAAB94CC-B136-4587-945E-317A2C7A8969}"
EndProject
Project("{9A19103F-16F7-4668-BE54-9A1E7A4F7556}") = "Common.Test", "src\Common.Test\Common.Test.csproj", "{DBFA0409-BB7A-4982-A83B-E97DFF37F553}"
EndProject
Project("{9A19103F-16F7-4668-BE54-9A1E7A4F7556}") = "Specflow.Test", "src\Specflow.Test\Specflow.Test.csproj", "{C4DC4B52-8BC8-4FCA-AE83-9654DE105748}"
EndProject
Project("{9A19103F-16F7-4668-BE54-9A1E7A4F7556}") = "Entities.Test", "src\Entities.Test\Entities.Test.csproj", "{8119FE9E-B936-49FB-8C6C-0D921A7FB6FF}"
EndProject
Project("{9A19103F-16F7-4668-BE54-9A1E7A4F7556}") = "Worker.Service", "src\Worker.Service\Worker.Service.csproj", "{7FBE6584-ADCF-4EFA-B30D-992E3F22B9DE}"
EndProject
Project("{9A19103F-16F7-4668-BE54-9A1E7A4F7556}") = "TestBase", "src\TestBase\TestBase.csproj", "{B1758A5D-7A77-4327-9D77-4A538BDB99E7}"
EndProject
Project("{FAE04EC0-301F-11D3-BF4B-00C04F79EFBC}") = "VsixSolutionBuilder", "VsixSolutionBuilder\VsixSolutionBuilder.csproj", "{53CD7471-5CB5-48D7-A232-494A09FFF0D0}"
EndProject
Global
	GlobalSection(SolutionConfigurationPlatforms) = preSolution
		Debug|Any CPU = Debug|Any CPU
		Release|Any CPU = Release|Any CPU
	EndGlobalSection
	GlobalSection(ProjectConfigurationPlatforms) = postSolution
		{3F040445-7360-4778-81DF-BE27D3DA961A}.Debug|Any CPU.ActiveCfg = Debug|Any CPU
		{3F040445-7360-4778-81DF-BE27D3DA961A}.Debug|Any CPU.Build.0 = Debug|Any CPU
		{3F040445-7360-4778-81DF-BE27D3DA961A}.Release|Any CPU.ActiveCfg = Release|Any CPU
		{3F040445-7360-4778-81DF-BE27D3DA961A}.Release|Any CPU.Build.0 = Release|Any CPU
		{71B6455A-5A6C-4F7E-9ACE-E60D66E3CD7A}.Debug|Any CPU.ActiveCfg = Debug|Any CPU
		{71B6455A-5A6C-4F7E-9ACE-E60D66E3CD7A}.Debug|Any CPU.Build.0 = Debug|Any CPU
		{71B6455A-5A6C-4F7E-9ACE-E60D66E3CD7A}.Release|Any CPU.ActiveCfg = Release|Any CPU
		{71B6455A-5A6C-4F7E-9ACE-E60D66E3CD7A}.Release|Any CPU.Build.0 = Release|Any CPU
		{5CEF1114-C303-499A-968D-152D46546CF4}.Debug|Any CPU.ActiveCfg = Debug|Any CPU
		{5CEF1114-C303-499A-968D-152D46546CF4}.Debug|Any CPU.Build.0 = Debug|Any CPU
		{5CEF1114-C303-499A-968D-152D46546CF4}.Release|Any CPU.ActiveCfg = Release|Any CPU
		{5CEF1114-C303-499A-968D-152D46546CF4}.Release|Any CPU.Build.0 = Release|Any CPU
		{A3238F58-6FA5-4415-9171-E491BA202C70}.Debug|Any CPU.ActiveCfg = Debug|Any CPU
		{A3238F58-6FA5-4415-9171-E491BA202C70}.Debug|Any CPU.Build.0 = Debug|Any CPU
		{A3238F58-6FA5-4415-9171-E491BA202C70}.Release|Any CPU.ActiveCfg = Release|Any CPU
		{A3238F58-6FA5-4415-9171-E491BA202C70}.Release|Any CPU.Build.0 = Release|Any CPU
		{6E7E8284-81FE-4BD9-99C4-03DF69B4564A}.Debug|Any CPU.ActiveCfg = Debug|Any CPU
		{6E7E8284-81FE-4BD9-99C4-03DF69B4564A}.Debug|Any CPU.Build.0 = Debug|Any CPU
		{6E7E8284-81FE-4BD9-99C4-03DF69B4564A}.Release|Any CPU.ActiveCfg = Release|Any CPU
		{6E7E8284-81FE-4BD9-99C4-03DF69B4564A}.Release|Any CPU.Build.0 = Release|Any CPU
		{61D233D8-AA48-4DDA-B550-4BEF3AEED198}.Debug|Any CPU.ActiveCfg = Debug|Any CPU
		{61D233D8-AA48-4DDA-B550-4BEF3AEED198}.Debug|Any CPU.Build.0 = Debug|Any CPU
		{61D233D8-AA48-4DDA-B550-4BEF3AEED198}.Release|Any CPU.ActiveCfg = Release|Any CPU
		{61D233D8-AA48-4DDA-B550-4BEF3AEED198}.Release|Any CPU.Build.0 = Release|Any CPU
		{19019151-FA44-494E-8232-C6A18D181880}.Debug|Any CPU.ActiveCfg = Debug|Any CPU
		{19019151-FA44-494E-8232-C6A18D181880}.Debug|Any CPU.Build.0 = Debug|Any CPU
		{19019151-FA44-494E-8232-C6A18D181880}.Release|Any CPU.ActiveCfg = Release|Any CPU
		{19019151-FA44-494E-8232-C6A18D181880}.Release|Any CPU.Build.0 = Release|Any CPU
		{13D75649-5C48-4141-970F-C072ACF65D80}.Debug|Any CPU.ActiveCfg = Debug|Any CPU
		{13D75649-5C48-4141-970F-C072ACF65D80}.Debug|Any CPU.Build.0 = Debug|Any CPU
		{13D75649-5C48-4141-970F-C072ACF65D80}.Release|Any CPU.ActiveCfg = Release|Any CPU
		{13D75649-5C48-4141-970F-C072ACF65D80}.Release|Any CPU.Build.0 = Release|Any CPU
		{713C0FDA-4C64-4C05-BCC5-95FD3EC5A84E}.Debug|Any CPU.ActiveCfg = Debug|Any CPU
		{713C0FDA-4C64-4C05-BCC5-95FD3EC5A84E}.Debug|Any CPU.Build.0 = Debug|Any CPU
		{713C0FDA-4C64-4C05-BCC5-95FD3EC5A84E}.Release|Any CPU.ActiveCfg = Release|Any CPU
		{713C0FDA-4C64-4C05-BCC5-95FD3EC5A84E}.Release|Any CPU.Build.0 = Release|Any CPU
		{CAAB94CC-B136-4587-945E-317A2C7A8969}.Debug|Any CPU.ActiveCfg = Debug|Any CPU
		{CAAB94CC-B136-4587-945E-317A2C7A8969}.Debug|Any CPU.Build.0 = Debug|Any CPU
		{CAAB94CC-B136-4587-945E-317A2C7A8969}.Release|Any CPU.ActiveCfg = Release|Any CPU
		{CAAB94CC-B136-4587-945E-317A2C7A8969}.Release|Any CPU.Build.0 = Release|Any CPU
		{DBFA0409-BB7A-4982-A83B-E97DFF37F553}.Debug|Any CPU.ActiveCfg = Debug|Any CPU
		{DBFA0409-BB7A-4982-A83B-E97DFF37F553}.Debug|Any CPU.Build.0 = Debug|Any CPU
		{DBFA0409-BB7A-4982-A83B-E97DFF37F553}.Release|Any CPU.ActiveCfg = Release|Any CPU
		{DBFA0409-BB7A-4982-A83B-E97DFF37F553}.Release|Any CPU.Build.0 = Release|Any CPU
		{C4DC4B52-8BC8-4FCA-AE83-9654DE105748}.Debug|Any CPU.ActiveCfg = Debug|Any CPU
		{C4DC4B52-8BC8-4FCA-AE83-9654DE105748}.Debug|Any CPU.Build.0 = Debug|Any CPU
		{C4DC4B52-8BC8-4FCA-AE83-9654DE105748}.Release|Any CPU.ActiveCfg = Release|Any CPU
		{C4DC4B52-8BC8-4FCA-AE83-9654DE105748}.Release|Any CPU.Build.0 = Release|Any CPU
		{8119FE9E-B936-49FB-8C6C-0D921A7FB6FF}.Debug|Any CPU.ActiveCfg = Debug|Any CPU
		{8119FE9E-B936-49FB-8C6C-0D921A7FB6FF}.Debug|Any CPU.Build.0 = Debug|Any CPU
		{8119FE9E-B936-49FB-8C6C-0D921A7FB6FF}.Release|Any CPU.ActiveCfg = Release|Any CPU
		{8119FE9E-B936-49FB-8C6C-0D921A7FB6FF}.Release|Any CPU.Build.0 = Release|Any CPU
		{7FBE6584-ADCF-4EFA-B30D-992E3F22B9DE}.Debug|Any CPU.ActiveCfg = Debug|Any CPU
		{7FBE6584-ADCF-4EFA-B30D-992E3F22B9DE}.Debug|Any CPU.Build.0 = Debug|Any CPU
		{7FBE6584-ADCF-4EFA-B30D-992E3F22B9DE}.Release|Any CPU.ActiveCfg = Release|Any CPU
		{7FBE6584-ADCF-4EFA-B30D-992E3F22B9DE}.Release|Any CPU.Build.0 = Release|Any CPU
		{B1758A5D-7A77-4327-9D77-4A538BDB99E7}.Debug|Any CPU.ActiveCfg = Debug|Any CPU
		{B1758A5D-7A77-4327-9D77-4A538BDB99E7}.Debug|Any CPU.Build.0 = Debug|Any CPU
		{B1758A5D-7A77-4327-9D77-4A538BDB99E7}.Release|Any CPU.ActiveCfg = Release|Any CPU
		{B1758A5D-7A77-4327-9D77-4A538BDB99E7}.Release|Any CPU.Build.0 = Release|Any CPU
		{53CD7471-5CB5-48D7-A232-494A09FFF0D0}.Debug|Any CPU.ActiveCfg = Debug|Any CPU
		{53CD7471-5CB5-48D7-A232-494A09FFF0D0}.Debug|Any CPU.Build.0 = Debug|Any CPU
		{53CD7471-5CB5-48D7-A232-494A09FFF0D0}.Release|Any CPU.ActiveCfg = Release|Any CPU
		{53CD7471-5CB5-48D7-A232-494A09FFF0D0}.Release|Any CPU.Build.0 = Release|Any CPU
	EndGlobalSection
	GlobalSection(SolutionProperties) = preSolution
		HideSolutionNode = FALSE
	EndGlobalSection
	GlobalSection(NestedProjects) = preSolution
		{3F040445-7360-4778-81DF-BE27D3DA961A} = {4253F080-E8C6-4E5C-B34E-AB04EFE5D324}
		{71B6455A-5A6C-4F7E-9ACE-E60D66E3CD7A} = {604B3B70-FC32-4DAE-99C6-6149FECA68F0}
		{5CEF1114-C303-499A-968D-152D46546CF4} = {C455C92B-740C-41A4-876C-7236479BC499}
		{A3238F58-6FA5-4415-9171-E491BA202C70} = {9716FF38-5FE6-4BDD-A026-2DE74C181613}
		{6E7E8284-81FE-4BD9-99C4-03DF69B4564A} = {C455C92B-740C-41A4-876C-7236479BC499}
		{61D233D8-AA48-4DDA-B550-4BEF3AEED198} = {4253F080-E8C6-4E5C-B34E-AB04EFE5D324}
		{19019151-FA44-494E-8232-C6A18D181880} = {604B3B70-FC32-4DAE-99C6-6149FECA68F0}
		{13D75649-5C48-4141-970F-C072ACF65D80} = {9716FF38-5FE6-4BDD-A026-2DE74C181613}
		{713C0FDA-4C64-4C05-BCC5-95FD3EC5A84E} = {604B3B70-FC32-4DAE-99C6-6149FECA68F0}
		{CAAB94CC-B136-4587-945E-317A2C7A8969} = {7DB45ABC-7DBF-4874-B0C1-D7F2AB437AF7}
		{DBFA0409-BB7A-4982-A83B-E97DFF37F553} = {7DB45ABC-7DBF-4874-B0C1-D7F2AB437AF7}
		{C4DC4B52-8BC8-4FCA-AE83-9654DE105748} = {7DB45ABC-7DBF-4874-B0C1-D7F2AB437AF7}
		{8119FE9E-B936-49FB-8C6C-0D921A7FB6FF} = {7DB45ABC-7DBF-4874-B0C1-D7F2AB437AF7}
		{7FBE6584-ADCF-4EFA-B30D-992E3F22B9DE} = {4253F080-E8C6-4E5C-B34E-AB04EFE5D324}
		{B1758A5D-7A77-4327-9D77-4A538BDB99E7} = {7DB45ABC-7DBF-4874-B0C1-D7F2AB437AF7}
	EndGlobalSection
	GlobalSection(ExtensibilityGlobals) = postSolution
		SolutionGuid = {BE91178E-6FF2-48E0-9294-AA4A7176AF47}
	EndGlobalSection
EndGlobal
